
Microsoft Visual Studio Solution File, Format Version 12.00
# Visual Studio 15
VisualStudioVersion = 15.0.28307.852
MinimumVisualStudioVersion = 10.0.40219.1
Project("{FAE04EC0-301F-11D3-BF4B-00C04F79EFBC}") = "KiemTraKetThucMon", "KiemTraKetThucMon\KiemTraKetThucMon.csproj", "{318C78A4-0748-42A4-9850-FE1DABFA29B1}"
EndProject
Global
	GlobalSection(SolutionConfigurationPlatforms) = preSolution
		Debug|Any CPU = Debug|Any CPU
		Release|Any CPU = Release|Any CPU
	EndGlobalSection
	GlobalSection(ProjectConfigurationPlatforms) = postSolution
		{318C78A4-0748-42A4-9850-FE1DABFA29B1}.Debug|Any CPU.ActiveCfg = Debug|Any CPU
		{318C78A4-0748-42A4-9850-FE1DABFA29B1}.Debug|Any CPU.Build.0 = Debug|Any CPU
		{318C78A4-0748-42A4-9850-FE1DABFA29B1}.Release|Any CPU.ActiveCfg = Release|Any CPU
		{318C78A4-0748-42A4-9850-FE1DABFA29B1}.Release|Any CPU.Build.0 = Release|Any CPU
	EndGlobalSection
	GlobalSection(SolutionProperties) = preSolution
		HideSolutionNode = FALSE
	EndGlobalSection
	GlobalSection(ExtensibilityGlobals) = postSolution
		SolutionGuid = {14741947-9600-43B2-B498-736342AB0BB4}
	EndGlobalSection
EndGlobal
